{
  "lockfileVersion": 1,
  "workspaces": {
    "": {
      "name": "playground",
      "dependencies": {
        "@effect/cli": "^0.71.0",
        "@effect/platform": "^0.92.1",
        "@effect/platform-bun": "^0.81.1",
        "effect": "^3.18.4",
        "ts-morph": "^27.0.2",
      },
      "devDependencies": {
        "@biomejs/biome": "^2.2.6",
        "@effect/language-service": "^0.47.1",
        "@total-typescript/ts-reset": "^0.6.1",
        "@types/bun": "^1.3.0",
        "dependency-cruiser": "^17.1.0",
        "knip": "^5.66.2",
      },
      "peerDependencies": {
        "typescript": "^5.9.3",
      },
    },
  },
  "packages": {
    "@biomejs/biome": ["@biomejs/biome@2.2.7", "", { "optionalDependencies": { "@biomejs/cli-darwin-arm64": "2.2.7", "@biomejs/cli-darwin-x64": "2.2.7", "@biomejs/cli-linux-arm64": "2.2.7", "@biomejs/cli-linux-arm64-musl": "2.2.7", "@biomejs/cli-linux-x64": "2.2.7", "@biomejs/cli-linux-x64-musl": "2.2.7", "@biomejs/cli-win32-arm64": "2.2.7", "@biomejs/cli-win32-x64": "2.2.7" }, "bin": { "biome": "bin/biome" } }, "sha512-1a8j0UP1vXVUf3UzMZEJ/zS2VgAG6wU6Cuh/I764sUGI+MCnJs/9WaojHYBDCxCMLTgU60/WqnYof85emXmSBA=="],

    "@biomejs/cli-darwin-arm64": ["@biomejs/cli-darwin-arm64@2.2.7", "", { "os": "darwin", "cpu": "arm64" }, "sha512-xBUUsebnO2/Qj1v7eZmKUy2ZcFkZ4/jLUkxN02Qup1RPoRaiW9AKXHrqS3L7iX6PzofHY2xuZ+Pb9kAcpoe0qA=="],

    "@biomejs/cli-darwin-x64": ["@biomejs/cli-darwin-x64@2.2.7", "", { "os": "darwin", "cpu": "x64" }, "sha512-vsY4NhmxqgfLJufr9XUnC+yGUPJiXAc1mz6FcjaAmuIuLwfghN4uQO7hnW2AneGyoi2mNe9Jbvf6Qtq4AjzrFg=="],

    "@biomejs/cli-linux-arm64": ["@biomejs/cli-linux-arm64@2.2.7", "", { "os": "linux", "cpu": "arm64" }, "sha512-nUdco104rjV9dULi1VssQ5R/kX2jE/Z2sDjyqS+siV9sTQda0DwmEUixFNRCWvZJRRiZUWhgiDFJ4n7RowO8Mg=="],

    "@biomejs/cli-linux-arm64-musl": ["@biomejs/cli-linux-arm64-musl@2.2.7", "", { "os": "linux", "cpu": "arm64" }, "sha512-FrTwvKO/7t5HbVTvhlMOTOVQLAcR7r4O4iFQhEpZXUtBfosHqrX/JJlX7daPawoe14MDcCu9CDg0zLVpTuDvuQ=="],

    "@biomejs/cli-linux-x64": ["@biomejs/cli-linux-x64@2.2.7", "", { "os": "linux", "cpu": "x64" }, "sha512-tPTcGAIEOOZrj2tQ7fdraWlaxNKApBw6l4In8wQQV1IyxnAexqi0hykHzKEX8hKKctf5gxGBfNCzyIvqpj4CFQ=="],

    "@biomejs/cli-linux-x64-musl": ["@biomejs/cli-linux-x64-musl@2.2.7", "", { "os": "linux", "cpu": "x64" }, "sha512-MnsysF5s/iLC5wnYvuMseOy+m8Pd4bWG1uwlVyy2AUbfjAVUgtbYbboc5wMXljFrDY7e6rLjLTR4S2xqDpGlQg=="],

    "@biomejs/cli-win32-arm64": ["@biomejs/cli-win32-arm64@2.2.7", "", { "os": "win32", "cpu": "arm64" }, "sha512-h5D1jhwA2b7cFXerYiJfXHSzzAMFFoEDL5Mc2BgiaEw0iaSgSso/3Nc6FbOR55aTQISql+IpB4PS7JoV26Gdbw=="],

    "@biomejs/cli-win32-x64": ["@biomejs/cli-win32-x64@2.2.7", "", { "os": "win32", "cpu": "x64" }, "sha512-URqAJi0kONyBKG4V9NVafHLDtm6IHmF4qPYi/b6x7MD6jxpWeJiTCO6R5+xDlWckX2T/OGv6Yq3nkz6s0M8Ykw=="],

    "@effect/cli": ["@effect/cli@0.71.0", "", { "dependencies": { "ini": "^4.1.3", "toml": "^3.0.0", "yaml": "^2.5.0" }, "peerDependencies": { "@effect/platform": "^0.92.0", "@effect/printer": "^0.46.0", "@effect/printer-ansi": "^0.46.0", "effect": "^3.18.0" } }, "sha512-ZmJpUVyhMpIUsiurf4UmEWTURPhGHtZrLRXkMOqggkhIeVR1kSxn8EM+ZMXLlT/23gxbHN4ymj7BmBjxP1oodA=="],

    "@effect/cluster": ["@effect/cluster@0.50.3", "", { "peerDependencies": { "@effect/platform": "^0.92.1", "@effect/rpc": "^0.71.0", "@effect/sql": "^0.46.0", "@effect/workflow": "^0.11.3", "effect": "^3.18.1" } }, "sha512-xh6okxbkvVzjJXnDEsL/byEsVEYiOhqKUAEugwCnH6yNKnT6VWK8GMyHuL9Tlbex2X9soiMxUSWbreqErrzlqQ=="],

    "@effect/experimental": ["@effect/experimental@0.56.0", "", { "dependencies": { "uuid": "^11.0.3" }, "peerDependencies": { "@effect/platform": "^0.92.0", "effect": "^3.18.0", "ioredis": "^5", "lmdb": "^3" }, "optionalPeers": ["ioredis", "lmdb"] }, "sha512-ZT9wTUVyDptzdkW4Tfvz5fNzygW9vt5jWcFmKI9SlhZMu9unVJgsBhxWCNYCyfPnxw3n/Z6SEKsqgt8iKQc4MA=="],

    "@effect/language-service": ["@effect/language-service@0.47.3", "", { "bin": { "effect-language-service": "cli.js" } }, "sha512-0t0m/WoQ1yDEd1EY6buAAQ6vLvW9+/soL+ZL2RRNdvzyhIPFel1heqcVN5hx3rsi5T6ojPzxSh2Zp5YwSVW9EA=="],

    "@effect/platform": ["@effect/platform@0.92.1", "", { "dependencies": { "find-my-way-ts": "^0.1.6", "msgpackr": "^1.11.4", "multipasta": "^0.2.7" }, "peerDependencies": { "effect": "^3.18.1" } }, "sha512-XXWCBVwyhaKZISN7aM1fv/3fWDGyxr84ObywnUrL8aHvJLoIeskWFAP/fqw3c5MFCrJ3ZV97RWLbv6JiBQugdg=="],

    "@effect/platform-bun": ["@effect/platform-bun@0.81.1", "", { "dependencies": { "@effect/platform-node-shared": "^0.51.3", "multipasta": "^0.2.7" }, "peerDependencies": { "@effect/cluster": "^0.50.3", "@effect/platform": "^0.92.1", "@effect/rpc": "^0.71.0", "@effect/sql": "^0.46.0", "effect": "^3.18.1" } }, "sha512-wynPXDouKcmzBdWUK4QzaYTAULsNtr+LFX3fmpG+IV+YI4/sm63erPXjei09z+u5SJXavGACxiGnLvXjTQ2t7A=="],

    "@effect/platform-node-shared": ["@effect/platform-node-shared@0.51.4", "", { "dependencies": { "@parcel/watcher": "^2.5.1", "multipasta": "^0.2.7", "ws": "^8.18.2" }, "peerDependencies": { "@effect/cluster": "^0.50.3", "@effect/platform": "^0.92.1", "@effect/rpc": "^0.71.0", "@effect/sql": "^0.46.0", "effect": "^3.18.2" } }, "sha512-xElU9+cNPa1BnUHAZ3sVVanuuKof8oWQhK7rbyHNqgWM7CZTjv7x9VMDs0X05+1OcTQnnW3E+SrZKIPCfcYlDQ=="],

    "@effect/printer": ["@effect/printer@0.46.0", "", { "peerDependencies": { "@effect/typeclass": "^0.37.0", "effect": "^3.18.0" } }, "sha512-8RbuXDY9ND3M7klt2wCrx4gCDlfecH3bFJl8Co4UenRDiAMa0WoI8GKPqlNA3FonryNYgrMN0TDnk39Yp5GUbQ=="],

    "@effect/printer-ansi": ["@effect/printer-ansi@0.46.0", "", { "dependencies": { "@effect/printer": "^0.46.0" }, "peerDependencies": { "@effect/typeclass": "^0.37.0", "effect": "^3.18.0" } }, "sha512-b+wCoCtmEF/Duobsid2N1JoGvZLiA9Fkcz1G1x/dhXVtsZqaGPa6jNYctopmzBhyuS53kK9XpqnFhEbF6+/5Ug=="],

    "@effect/rpc": ["@effect/rpc@0.71.0", "", { "dependencies": { "msgpackr": "^1.11.4" }, "peerDependencies": { "@effect/platform": "^0.92.0", "effect": "^3.18.0" } }, "sha512-m6mFX0ShdA+fnYAyamz7SRKF4FepaDB/ZhBri6iue26tBF2LrOFJUWewbwv8/LdLSedkO4eukhsHXuEYortL/w=="],

    "@effect/sql": ["@effect/sql@0.46.0", "", { "dependencies": { "uuid": "^11.0.3" }, "peerDependencies": { "@effect/experimental": "^0.56.0", "@effect/platform": "^0.92.0", "effect": "^3.18.0" } }, "sha512-nm9TuTTG7gLmJlIPkf71wA5lXArSvkpm1oYoIF+rhf01wef+1ujz9Mv1SfuzYbzsk7W9+OXUIRMxz/nSlKkiGQ=="],

    "@effect/typeclass": ["@effect/typeclass@0.37.0", "", { "peerDependencies": { "effect": "^3.18.0" } }, "sha512-8PkVWx82gkavYYMDlRV80pM1Ss0dL84wabkho6JjaAuDr+gJKx87N0T6Z+UGroySslsfw1FW1dMibUPH1BXX1w=="],

    "@effect/workflow": ["@effect/workflow@0.11.3", "", { "peerDependencies": { "@effect/platform": "^0.92.1", "@effect/rpc": "^0.71.0", "effect": "^3.18.1" } }, "sha512-3uyj0yOc2QRtQVOw6NEJVEMOhN/F7khhnf3QSU+2T3wvuDag9iBUzJFvSls8PgNCO3j/GgeaWzbcXwxqpFQYOQ=="],

    "@emnapi/core": ["@emnapi/core@1.5.0", "", { "dependencies": { "@emnapi/wasi-threads": "1.1.0", "tslib": "^2.4.0" } }, "sha512-sbP8GzB1WDzacS8fgNPpHlp6C9VZe+SJP3F90W9rLemaQj2PzIuTEl1qDOYQf58YIpyjViI24y9aPWCjEzY2cg=="],

    "@emnapi/runtime": ["@emnapi/runtime@1.5.0", "", { "dependencies": { "tslib": "^2.4.0" } }, "sha512-97/BJ3iXHww3djw6hYIfErCZFee7qCtrneuLa20UXFCOTCfBM2cvQHjWJ2EG0s0MtdNwInarqCTz35i4wWXHsQ=="],

    "@emnapi/wasi-threads": ["@emnapi/wasi-threads@1.1.0", "", { "dependencies": { "tslib": "^2.4.0" } }, "sha512-WI0DdZ8xFSbgMjR1sFsKABJ/C5OnRrjT06JXbZKexJGrDuPTzZdDYfFlsgcCXCyf+suG5QU2e/y1Wo2V/OapLQ=="],

    "@isaacs/balanced-match": ["@isaacs/balanced-match@4.0.1", "", {}, "sha512-yzMTt9lEb8Gv7zRioUilSglI0c0smZ9k5D65677DLWLtWJaXIS3CqcGyUFByYKlnUj6TkjLVs54fBl6+TiGQDQ=="],

    "@isaacs/brace-expansion": ["@isaacs/brace-expansion@5.0.0", "", { "dependencies": { "@isaacs/balanced-match": "^4.0.1" } }, "sha512-ZT55BDLV0yv0RBm2czMiZ+SqCGO7AvmOM3G/w2xhVPH+te0aKgFjmBvGlL1dH+ql2tgGO3MVrbb3jCKyvpgnxA=="],

    "@msgpackr-extract/msgpackr-extract-darwin-arm64": ["@msgpackr-extract/msgpackr-extract-darwin-arm64@3.0.3", "", { "os": "darwin", "cpu": "arm64" }, "sha512-QZHtlVgbAdy2zAqNA9Gu1UpIuI8Xvsd1v8ic6B2pZmeFnFcMWiPLfWXh7TVw4eGEZ/C9TH281KwhVoeQUKbyjw=="],

    "@msgpackr-extract/msgpackr-extract-darwin-x64": ["@msgpackr-extract/msgpackr-extract-darwin-x64@3.0.3", "", { "os": "darwin", "cpu": "x64" }, "sha512-mdzd3AVzYKuUmiWOQ8GNhl64/IoFGol569zNRdkLReh6LRLHOXxU4U8eq0JwaD8iFHdVGqSy4IjFL4reoWCDFw=="],

    "@msgpackr-extract/msgpackr-extract-linux-arm": ["@msgpackr-extract/msgpackr-extract-linux-arm@3.0.3", "", { "os": "linux", "cpu": "arm" }, "sha512-fg0uy/dG/nZEXfYilKoRe7yALaNmHoYeIoJuJ7KJ+YyU2bvY8vPv27f7UKhGRpY6euFYqEVhxCFZgAUNQBM3nw=="],

    "@msgpackr-extract/msgpackr-extract-linux-arm64": ["@msgpackr-extract/msgpackr-extract-linux-arm64@3.0.3", "", { "os": "linux", "cpu": "arm64" }, "sha512-YxQL+ax0XqBJDZiKimS2XQaf+2wDGVa1enVRGzEvLLVFeqa5kx2bWbtcSXgsxjQB7nRqqIGFIcLteF/sHeVtQg=="],

    "@msgpackr-extract/msgpackr-extract-linux-x64": ["@msgpackr-extract/msgpackr-extract-linux-x64@3.0.3", "", { "os": "linux", "cpu": "x64" }, "sha512-cvwNfbP07pKUfq1uH+S6KJ7dT9K8WOE4ZiAcsrSes+UY55E/0jLYc+vq+DO7jlmqRb5zAggExKm0H7O/CBaesg=="],

    "@msgpackr-extract/msgpackr-extract-win32-x64": ["@msgpackr-extract/msgpackr-extract-win32-x64@3.0.3", "", { "os": "win32", "cpu": "x64" }, "sha512-x0fWaQtYp4E6sktbsdAqnehxDgEc/VwM7uLsRCYWaiGu0ykYdZPiS8zCWdnjHwyiumousxfBm4SO31eXqwEZhQ=="],

    "@napi-rs/wasm-runtime": ["@napi-rs/wasm-runtime@1.0.6", "", { "dependencies": { "@emnapi/core": "^1.5.0", "@emnapi/runtime": "^1.5.0", "@tybys/wasm-util": "^0.10.1" } }, "sha512-DXj75ewm11LIWUk198QSKUTxjyRjsBwk09MuMk5DGK+GDUtyPhhEHOGP/Xwwj3DjQXXkivoBirmOnKrLfc0+9g=="],

    "@nodelib/fs.scandir": ["@nodelib/fs.scandir@2.1.5", "", { "dependencies": { "@nodelib/fs.stat": "2.0.5", "run-parallel": "^1.1.9" } }, "sha512-vq24Bq3ym5HEQm2NKCr3yXDwjc7vTsEThRDnkp2DK9p1uqLR+DHurm/NOTo0KG7HYHU7eppKZj3MyqYuMBf62g=="],

    "@nodelib/fs.stat": ["@nodelib/fs.stat@2.0.5", "", {}, "sha512-RkhPPp2zrqDAQA/2jNhnztcPAlv64XdhIp7a7454A5ovI7Bukxgt7MX7udwAu3zg1DcpPU0rz3VV1SeaqvY4+A=="],

    "@nodelib/fs.walk": ["@nodelib/fs.walk@1.2.8", "", { "dependencies": { "@nodelib/fs.scandir": "2.1.5", "fastq": "^1.6.0" } }, "sha512-oGB+UxlgWcgQkgwo8GcEGwemoTFt3FIO9ababBmaGwXIoBKZ+GTy0pP185beGg7Llih/NSHSV2XAs1lnznocSg=="],

    "@oxc-resolver/binding-android-arm-eabi": ["@oxc-resolver/binding-android-arm-eabi@11.9.0", "", { "os": "android", "cpu": "arm" }, "sha512-4AxaG6TkSBQ2FiC5oGZEJQ35DjsSfAbW6/AJauebq4EzIPVOIgDJCF4de+PvX/Xi9BkNw6VtJuMXJdWW97iEAA=="],

    "@oxc-resolver/binding-android-arm64": ["@oxc-resolver/binding-android-arm64@11.9.0", "", { "os": "android", "cpu": "arm64" }, "sha512-oOEg7rUd2M6YlmRkvPcszJ6KO6TaLGN21oDdcs27gbTVYbQQtCWYbZz5jRW5zEBJu6dopoWVx+shJNGtG1qDFw=="],

    "@oxc-resolver/binding-darwin-arm64": ["@oxc-resolver/binding-darwin-arm64@11.9.0", "", { "os": "darwin", "cpu": "arm64" }, "sha512-fM6zE/j6o3C1UIkcZPV7C1f186R7w97guY2N4lyNLlhlgwwhd46acnOezLARvRNU5oyKNev4PvOJhGCCDnFMGg=="],

    "@oxc-resolver/binding-darwin-x64": ["@oxc-resolver/binding-darwin-x64@11.9.0", "", { "os": "darwin", "cpu": "x64" }, "sha512-Bg3Orw7gAxbUqQlt64YPWvHDVo3bo2JfI26Qmzv6nKo7mIMTDhQKl7YmywtLNMYbX0IgUM4qu1V90euu+WCDOw=="],

    "@oxc-resolver/binding-freebsd-x64": ["@oxc-resolver/binding-freebsd-x64@11.9.0", "", { "os": "freebsd", "cpu": "x64" }, "sha512-eBqVZqTETH6miBfIZXvpzUe98WATz2+Sh+LEFwuRpGsTsKkIpTyb4p1kwylCLkxrd3Yx7wkxQku+L0AMEGBiAA=="],

    "@oxc-resolver/binding-linux-arm-gnueabihf": ["@oxc-resolver/binding-linux-arm-gnueabihf@11.9.0", "", { "os": "linux", "cpu": "arm" }, "sha512-QgCk/IJnGBvpbc8rYTVgO+A3m3edJjH1zfv8Nvx7fmsxpbXwWH2l4b4tY3/SLMzasxsp7x7k87+HWt095bI5Lg=="],

    "@oxc-resolver/binding-linux-arm-musleabihf": ["@oxc-resolver/binding-linux-arm-musleabihf@11.9.0", "", { "os": "linux", "cpu": "arm" }, "sha512-xkJH0jldIXD2GwoHpCDEF0ucJ7fvRETCL+iFLctM679o7qeDXvtzsO/E401EgFFXcWBJNKXWvH+ZfdYMKyowfA=="],

    "@oxc-resolver/binding-linux-arm64-gnu": ["@oxc-resolver/binding-linux-arm64-gnu@11.9.0", "", { "os": "linux", "cpu": "arm64" }, "sha512-TWq+y2psMzbMtZB9USAq2bSA7NV1TMmh9lhAFbMGQ8Yp2YV4BRC/HilD6qF++efQl6shueGBFOv0LVe9BUXaIA=="],

    "@oxc-resolver/binding-linux-arm64-musl": ["@oxc-resolver/binding-linux-arm64-musl@11.9.0", "", { "os": "linux", "cpu": "arm64" }, "sha512-8WwGLfXk7yttc6rD6g53+RnYfX5B8xOot1ffthLn8oCXzVRO4cdChlmeHStxwLD/MWx8z8BGeyfyINNrsh9N2w=="],

    "@oxc-resolver/binding-linux-ppc64-gnu": ["@oxc-resolver/binding-linux-ppc64-gnu@11.9.0", "", { "os": "linux", "cpu": "ppc64" }, "sha512-ZWiAXfan6actlSzayaFS/kYO2zD6k1k0fmLb1opbujXYMKepEnjjVOvKdzCIYR/zKzudqI39dGc+ywqVdsPIpQ=="],

    "@oxc-resolver/binding-linux-riscv64-gnu": ["@oxc-resolver/binding-linux-riscv64-gnu@11.9.0", "", { "os": "linux", "cpu": "none" }, "sha512-p9mCSb+Bym+eycNo9k+81wQ5SAE31E+/rtfbDmF4/7krPotkEjPsEBSc3rqunRwO+FtsUn7H68JLY7hlai49eQ=="],

    "@oxc-resolver/binding-linux-riscv64-musl": ["@oxc-resolver/binding-linux-riscv64-musl@11.9.0", "", { "os": "linux", "cpu": "none" }, "sha512-/SePuVxgFhLPciRwsJ8kLVltr+rxh0b6riGFuoPnFXBbHFclKnjNIt3TfqzUj0/vOnslXw3cVGPpmtkm2TgCgg=="],

    "@oxc-resolver/binding-linux-s390x-gnu": ["@oxc-resolver/binding-linux-s390x-gnu@11.9.0", "", { "os": "linux", "cpu": "s390x" }, "sha512-zLuEjlYIzfnr1Ei2UZYQBbCTa/9deh+BEjO9rh1ai8BfEq4uj6RupTtNpgHfgAsEYdqOBVExw9EU1S6SW3RCAw=="],

    "@oxc-resolver/binding-linux-x64-gnu": ["@oxc-resolver/binding-linux-x64-gnu@11.9.0", "", { "os": "linux", "cpu": "x64" }, "sha512-cxdg73WG+aVlPu/k4lEQPRVOhWunYOUglW6OSzclZLJJAXZU0tSZ5ymKaqPRkfTsyNSAafj1cA1XYd+P9UxBgw=="],

    "@oxc-resolver/binding-linux-x64-musl": ["@oxc-resolver/binding-linux-x64-musl@11.9.0", "", { "os": "linux", "cpu": "x64" }, "sha512-sy5nkVdMvNgqcx9sIY7G6U9TYZUZC4cmMGw/wKhJNuuD2/HFGtbje62ttXSwBAbVbmJ2GgZ4ZUo/S1OMyU+/OA=="],

    "@oxc-resolver/binding-wasm32-wasi": ["@oxc-resolver/binding-wasm32-wasi@11.9.0", "", { "dependencies": { "@napi-rs/wasm-runtime": "^1.0.5" }, "cpu": "none" }, "sha512-dfi/a0Xh6o6nOLbJdaYuy7txncEcwkRHp9DGGZaAP7zxDiepkBZ6ewSJODQrWwhjVmMteXo+XFzEOMjsC7WUtQ=="],

    "@oxc-resolver/binding-win32-arm64-msvc": ["@oxc-resolver/binding-win32-arm64-msvc@11.9.0", "", { "os": "win32", "cpu": "arm64" }, "sha512-b1yKr+eFwyi8pZMjAQwW352rXpaHAmz7FLK03vFIxdyWzWiiL6S3UrfMu+nKQud38963zu4wNNLm7rdXQazgRA=="],

    "@oxc-resolver/binding-win32-ia32-msvc": ["@oxc-resolver/binding-win32-ia32-msvc@11.9.0", "", { "os": "win32", "cpu": "ia32" }, "sha512-DxRT+1HjCpRH8qYCmGHzgsRCYiK+X14PUM9Fb+aD4TljplA7MdDQXqMISTb4zBZ70AuclvlXKTbW+K1GZop3xA=="],

    "@oxc-resolver/binding-win32-x64-msvc": ["@oxc-resolver/binding-win32-x64-msvc@11.9.0", "", { "os": "win32", "cpu": "x64" }, "sha512-gE3QJvhh0Yj9cSAkkHjRLKPmC7BTJeiaB5YyhVKVUwbnWQgTszV92lZ9pvZtNPEghP7jPbhEs4c6983A0ojQwA=="],

    "@parcel/watcher": ["@parcel/watcher@2.5.1", "", { "dependencies": { "detect-libc": "^1.0.3", "is-glob": "^4.0.3", "micromatch": "^4.0.5", "node-addon-api": "^7.0.0" }, "optionalDependencies": { "@parcel/watcher-android-arm64": "2.5.1", "@parcel/watcher-darwin-arm64": "2.5.1", "@parcel/watcher-darwin-x64": "2.5.1", "@parcel/watcher-freebsd-x64": "2.5.1", "@parcel/watcher-linux-arm-glibc": "2.5.1", "@parcel/watcher-linux-arm-musl": "2.5.1", "@parcel/watcher-linux-arm64-glibc": "2.5.1", "@parcel/watcher-linux-arm64-musl": "2.5.1", "@parcel/watcher-linux-x64-glibc": "2.5.1", "@parcel/watcher-linux-x64-musl": "2.5.1", "@parcel/watcher-win32-arm64": "2.5.1", "@parcel/watcher-win32-ia32": "2.5.1", "@parcel/watcher-win32-x64": "2.5.1" } }, "sha512-dfUnCxiN9H4ap84DvD2ubjw+3vUNpstxa0TneY/Paat8a3R4uQZDLSvWjmznAY/DoahqTHl9V46HF/Zs3F29pg=="],

    "@parcel/watcher-android-arm64": ["@parcel/watcher-android-arm64@2.5.1", "", { "os": "android", "cpu": "arm64" }, "sha512-KF8+j9nNbUN8vzOFDpRMsaKBHZ/mcjEjMToVMJOhTozkDonQFFrRcfdLWn6yWKCmJKmdVxSgHiYvTCef4/qcBA=="],

    "@parcel/watcher-darwin-arm64": ["@parcel/watcher-darwin-arm64@2.5.1", "", { "os": "darwin", "cpu": "arm64" }, "sha512-eAzPv5osDmZyBhou8PoF4i6RQXAfeKL9tjb3QzYuccXFMQU0ruIc/POh30ePnaOyD1UXdlKguHBmsTs53tVoPw=="],

    "@parcel/watcher-darwin-x64": ["@parcel/watcher-darwin-x64@2.5.1", "", { "os": "darwin", "cpu": "x64" }, "sha512-1ZXDthrnNmwv10A0/3AJNZ9JGlzrF82i3gNQcWOzd7nJ8aj+ILyW1MTxVk35Db0u91oD5Nlk9MBiujMlwmeXZg=="],

    "@parcel/watcher-freebsd-x64": ["@parcel/watcher-freebsd-x64@2.5.1", "", { "os": "freebsd", "cpu": "x64" }, "sha512-SI4eljM7Flp9yPuKi8W0ird8TI/JK6CSxju3NojVI6BjHsTyK7zxA9urjVjEKJ5MBYC+bLmMcbAWlZ+rFkLpJQ=="],

    "@parcel/watcher-linux-arm-glibc": ["@parcel/watcher-linux-arm-glibc@2.5.1", "", { "os": "linux", "cpu": "arm" }, "sha512-RCdZlEyTs8geyBkkcnPWvtXLY44BCeZKmGYRtSgtwwnHR4dxfHRG3gR99XdMEdQ7KeiDdasJwwvNSF5jKtDwdA=="],

    "@parcel/watcher-linux-arm-musl": ["@parcel/watcher-linux-arm-musl@2.5.1", "", { "os": "linux", "cpu": "arm" }, "sha512-6E+m/Mm1t1yhB8X412stiKFG3XykmgdIOqhjWj+VL8oHkKABfu/gjFj8DvLrYVHSBNC+/u5PeNrujiSQ1zwd1Q=="],

    "@parcel/watcher-linux-arm64-glibc": ["@parcel/watcher-linux-arm64-glibc@2.5.1", "", { "os": "linux", "cpu": "arm64" }, "sha512-LrGp+f02yU3BN9A+DGuY3v3bmnFUggAITBGriZHUREfNEzZh/GO06FF5u2kx8x+GBEUYfyTGamol4j3m9ANe8w=="],

    "@parcel/watcher-linux-arm64-musl": ["@parcel/watcher-linux-arm64-musl@2.5.1", "", { "os": "linux", "cpu": "arm64" }, "sha512-cFOjABi92pMYRXS7AcQv9/M1YuKRw8SZniCDw0ssQb/noPkRzA+HBDkwmyOJYp5wXcsTrhxO0zq1U11cK9jsFg=="],

    "@parcel/watcher-linux-x64-glibc": ["@parcel/watcher-linux-x64-glibc@2.5.1", "", { "os": "linux", "cpu": "x64" }, "sha512-GcESn8NZySmfwlTsIur+49yDqSny2IhPeZfXunQi48DMugKeZ7uy1FX83pO0X22sHntJ4Ub+9k34XQCX+oHt2A=="],

    "@parcel/watcher-linux-x64-musl": ["@parcel/watcher-linux-x64-musl@2.5.1", "", { "os": "linux", "cpu": "x64" }, "sha512-n0E2EQbatQ3bXhcH2D1XIAANAcTZkQICBPVaxMeaCVBtOpBZpWJuf7LwyWPSBDITb7In8mqQgJ7gH8CILCURXg=="],

    "@parcel/watcher-win32-arm64": ["@parcel/watcher-win32-arm64@2.5.1", "", { "os": "win32", "cpu": "arm64" }, "sha512-RFzklRvmc3PkjKjry3hLF9wD7ppR4AKcWNzH7kXR7GUe0Igb3Nz8fyPwtZCSquGrhU5HhUNDr/mKBqj7tqA2Vw=="],

    "@parcel/watcher-win32-ia32": ["@parcel/watcher-win32-ia32@2.5.1", "", { "os": "win32", "cpu": "ia32" }, "sha512-c2KkcVN+NJmuA7CGlaGD1qJh1cLfDnQsHjE89E60vUEMlqduHGCdCLJCID5geFVM0dOtA3ZiIO8BoEQmzQVfpQ=="],

    "@parcel/watcher-win32-x64": ["@parcel/watcher-win32-x64@2.5.1", "", { "os": "win32", "cpu": "x64" }, "sha512-9lHBdJITeNR++EvSQVUcaZoWupyHfXe1jZvGZ06O/5MflPcuPLtEphScIBL+AiCWBO46tDSHzWyD0uDmmZqsgA=="],

    "@standard-schema/spec": ["@standard-schema/spec@1.0.0", "", {}, "sha512-m2bOd0f2RT9k8QJx1JN85cZYyH1RqFBdlwtkSlf4tBDYLCiiZnv1fIIwacK6cqwXavOydf0NPToMQgpKq+dVlA=="],

    "@total-typescript/ts-reset": ["@total-typescript/ts-reset@0.6.1", "", {}, "sha512-cka47fVSo6lfQDIATYqb/vO1nvFfbPw7uWLayIXIhGETj0wcOOlrlkobOMDNQOFr9QOafegUPq13V2+6vtD7yg=="],

    "@ts-morph/common": ["@ts-morph/common@0.28.1", "", { "dependencies": { "minimatch": "^10.0.1", "path-browserify": "^1.0.1", "tinyglobby": "^0.2.14" } }, "sha512-W74iWf7ILp1ZKNYXY5qbddNaml7e9Sedv5lvU1V8lftlitkc9Pq1A+jlH23ltDgWYeZFFEqGCD1Ies9hqu3O+g=="],

    "@tybys/wasm-util": ["@tybys/wasm-util@0.10.1", "", { "dependencies": { "tslib": "^2.4.0" } }, "sha512-9tTaPJLSiejZKx+Bmog4uSubteqTvFrVrURwkmHixBo0G4seD0zUxp98E1DzUBJxLQ3NPwXrGKDiVjwx/DpPsg=="],

    "@types/bun": ["@types/bun@1.3.0", "", { "dependencies": { "bun-types": "1.3.0" } }, "sha512-+lAGCYjXjip2qY375xX/scJeVRmZ5cY0wyHYyCYxNcdEXrQ4AOe3gACgd4iQ8ksOslJtW4VNxBJ8llUwc3a6AA=="],

    "@types/node": ["@types/node@24.3.1", "", { "dependencies": { "undici-types": "~7.10.0" } }, "sha512-3vXmQDXy+woz+gnrTvuvNrPzekOi+Ds0ReMxw0LzBiK3a+1k0kQn9f2NWk+lgD4rJehFUmYy2gMhJ2ZI+7YP9g=="],

    "@types/react": ["@types/react@19.1.12", "", { "dependencies": { "csstype": "^3.0.2" } }, "sha512-cMoR+FoAf/Jyq6+Df2/Z41jISvGZZ2eTlnsaJRptmZ76Caldwy1odD4xTr/gNV9VLj0AWgg/nmkevIyUfIIq5w=="],

    "acorn": ["acorn@8.15.0", "", { "bin": { "acorn": "bin/acorn" } }, "sha512-NZyJarBfL7nWwIq+FDL6Zp/yHEhePMNnnJ0y3qfieCrmNvYct8uvtiV41UvlSe6apAfk0fY1FbWx+NwfmpvtTg=="],

    "acorn-jsx": ["acorn-jsx@5.3.2", "", { "peerDependencies": { "acorn": "^6.0.0 || ^7.0.0 || ^8.0.0" } }, "sha512-rq9s+JNhf0IChjtDXxllJ7g41oZk5SlXtp0LHwyA5cejwn7vKmKp4pPri6YEePv2PU65sAsegbXtIinmDFDXgQ=="],

    "acorn-jsx-walk": ["acorn-jsx-walk@2.0.0", "", {}, "sha512-uuo6iJj4D4ygkdzd6jPtcxs8vZgDX9YFIkqczGImoypX2fQ4dVImmu3UzA4ynixCIMTrEOWW+95M2HuBaCEOVA=="],

    "acorn-loose": ["acorn-loose@8.5.2", "", { "dependencies": { "acorn": "^8.15.0" } }, "sha512-PPvV6g8UGMGgjrMu+n/f9E/tCSkNQ2Y97eFvuVdJfG11+xdIeDcLyNdC8SHcrHbRqkfwLASdplyR6B6sKM1U4A=="],

    "acorn-walk": ["acorn-walk@8.3.4", "", { "dependencies": { "acorn": "^8.11.0" } }, "sha512-ueEepnujpqee2o5aIYnvHU6C0A42MNdsIDeqy5BydrkuC5R1ZuUFnm27EeFJGoEHJQgn3uleRvmTXaJgfXbt4g=="],

    "ajv": ["ajv@8.17.1", "", { "dependencies": { "fast-deep-equal": "^3.1.3", "fast-uri": "^3.0.1", "json-schema-traverse": "^1.0.0", "require-from-string": "^2.0.2" } }, "sha512-B/gBuNg5SiMTrPkC+A2+cW0RszwxYmn6VYxB/inlBStS5nx6xHIt/ehKRhIMhqusl7a8LjQoZnjCs5vhwxOQ1g=="],

    "ansi-styles": ["ansi-styles@4.3.0", "", { "dependencies": { "color-convert": "^2.0.1" } }, "sha512-zbB9rCJAT1rbjiVDb2hqKFHNYLxgtk8NURxZ3IZwD3F6NtxbXZQCnnSi1Lkx+IDohdPlFp222wVALIheZJQSEg=="],

    "argparse": ["argparse@2.0.1", "", {}, "sha512-8+9WqebbFzpX9OR+Wa6O29asIogeRMzcGtAINdpMHHyAg10f05aSFVBbcEqGf/PXw1EjAZ+q2/bEBg3DvurK3Q=="],

    "braces": ["braces@3.0.3", "", { "dependencies": { "fill-range": "^7.1.1" } }, "sha512-yQbXgO/OSZVD2IsiLlro+7Hf6Q18EJrKSEsdoMzKePKXct3gvD8oLcOQdIzGupr5Fj+EDe8gO/lxc1BzfMpxvA=="],

    "bun-types": ["bun-types@1.3.0", "", { "dependencies": { "@types/node": "*" }, "peerDependencies": { "@types/react": "^19" } }, "sha512-u8X0thhx+yJ0KmkxuEo9HAtdfgCBaM/aI9K90VQcQioAmkVp3SG3FkwWGibUFz3WdXAdcsqOcbU40lK7tbHdkQ=="],

    "chalk": ["chalk@4.1.2", "", { "dependencies": { "ansi-styles": "^4.1.0", "supports-color": "^7.1.0" } }, "sha512-oKnbhFyRIXpUuez8iBMmyEa4nbj4IOQyuhc/wy9kY7/WVPcwIO9VA668Pu8RkO7+0G76SLROeyw9CpQ061i4mA=="],

    "code-block-writer": ["code-block-writer@13.0.3", "", {}, "sha512-Oofo0pq3IKnsFtuHqSF7TqBfr71aeyZDVJ0HpmqB7FBM2qEigL0iPONSCZSO9pE9dZTAxANe5XHG9Uy0YMv8cg=="],

    "color-convert": ["color-convert@2.0.1", "", { "dependencies": { "color-name": "~1.1.4" } }, "sha512-RRECPsj7iu/xb5oKYcsFHSppFNnsj/52OVTRKb4zP5onXwVF3zVmmToNcOfGC+CRDpfK/U584fMg38ZHCaElKQ=="],

    "color-name": ["color-name@1.1.4", "", {}, "sha512-dOy+3AuW3a2wNbZHIuMZpTcgjGuLU/uBL/ubcZF9OXbDo8ff4O8yVp5Bf0efS8uEoYo5q4Fx7dY9OgQGXgAsQA=="],

    "commander": ["commander@14.0.1", "", {}, "sha512-2JkV3gUZUVrbNA+1sjBOYLsMZ5cEEl8GTFP2a4AVz5hvasAMCQ1D2l2le/cX+pV4N6ZU17zjUahLpIXRrnWL8A=="],

    "csstype": ["csstype@3.1.3", "", {}, "sha512-M1uQkMl8rQK/szD0LNhtqxIPLpimGm8sOBwU7lLnCpSbTyY3yeU1Vc7l4KT5zT4s/yOxHH5O7tIuuLOCnLADRw=="],

    "dependency-cruiser": ["dependency-cruiser@17.1.0", "", { "dependencies": { "acorn": "^8.15.0", "acorn-jsx": "^5.3.2", "acorn-jsx-walk": "^2.0.0", "acorn-loose": "^8.5.2", "acorn-walk": "^8.3.4", "ajv": "^8.17.1", "commander": "^14.0.1", "enhanced-resolve": "^5.18.3", "ignore": "^7.0.5", "interpret": "^3.1.1", "is-installed-globally": "^1.0.0", "json5": "^2.2.3", "memoize": "^10.1.0", "picomatch": "^4.0.3", "prompts": "^2.4.2", "rechoir": "^0.8.0", "safe-regex": "^2.1.1", "semver": "^7.7.2", "tsconfig-paths-webpack-plugin": "^4.2.0", "watskeburt": "^4.2.3" }, "bin": { "dependency-cruiser": "bin/dependency-cruise.mjs", "dependency-cruise": "bin/dependency-cruise.mjs", "depcruise": "bin/dependency-cruise.mjs", "depcruise-baseline": "bin/depcruise-baseline.mjs", "depcruise-fmt": "bin/depcruise-fmt.mjs", "depcruise-wrap-stream-in-html": "bin/wrap-stream-in-html.mjs" } }, "sha512-8ZtJmSEqG5xAFAMYBclJbvp3R8j4wBw2QTzT0ZhC2cou6c/3u0G6j7coNc/fz0qyo0haQ5ihLt7u0iEnRMui/A=="],

    "detect-libc": ["detect-libc@1.0.3", "", { "bin": { "detect-libc": "./bin/detect-libc.js" } }, "sha512-pGjwhsmsp4kL2RTz08wcOlGN83otlqHeD/Z5T8GXZB+/YcpQ/dgo+lbU8ZsGxV0HIvqqxo9l7mqYwyYMD9bKDg=="],

    "effect": ["effect@3.18.4", "", { "dependencies": { "@standard-schema/spec": "^1.0.0", "fast-check": "^3.23.1" } }, "sha512-b1LXQJLe9D11wfnOKAk3PKxuqYshQ0Heez+y5pnkd3jLj1yx9QhM72zZ9uUrOQyNvrs2GZZd/3maL0ZV18YuDA=="],

    "enhanced-resolve": ["enhanced-resolve@5.18.3", "", { "dependencies": { "graceful-fs": "^4.2.4", "tapable": "^2.2.0" } }, "sha512-d4lC8xfavMeBjzGr2vECC3fsGXziXZQyJxD868h2M/mBI3PwAuODxAkLkq5HYuvrPYcUtiLzsTo8U3PgX3Ocww=="],

    "fast-check": ["fast-check@3.23.2", "", { "dependencies": { "pure-rand": "^6.1.0" } }, "sha512-h5+1OzzfCC3Ef7VbtKdcv7zsstUQwUDlYpUTvjeUsJAssPgLn7QzbboPtL5ro04Mq0rPOsMzl7q5hIbRs2wD1A=="],

    "fast-deep-equal": ["fast-deep-equal@3.1.3", "", {}, "sha512-f3qQ9oQy9j2AhBe/H9VC91wLmKBCCU/gDOnKNAYG5hswO7BLKj09Hc5HYNz9cGI++xlpDCIgDaitVs03ATR84Q=="],

    "fast-glob": ["fast-glob@3.3.3", "", { "dependencies": { "@nodelib/fs.stat": "^2.0.2", "@nodelib/fs.walk": "^1.2.3", "glob-parent": "^5.1.2", "merge2": "^1.3.0", "micromatch": "^4.0.8" } }, "sha512-7MptL8U0cqcFdzIzwOTHoilX9x5BrNqye7Z/LuC7kCMRio1EMSyqRK3BEAUD7sXRq4iT4AzTVuZdhgQ2TCvYLg=="],

    "fast-uri": ["fast-uri@3.1.0", "", {}, "sha512-iPeeDKJSWf4IEOasVVrknXpaBV0IApz/gp7S2bb7Z4Lljbl2MGJRqInZiUrQwV16cpzw/D3S5j5Julj/gT52AA=="],

    "fastq": ["fastq@1.19.1", "", { "dependencies": { "reusify": "^1.0.4" } }, "sha512-GwLTyxkCXjXbxqIhTsMI2Nui8huMPtnxg7krajPJAjnEG/iiOS7i+zCtWGZR9G0NBKbXKh6X9m9UIsYX/N6vvQ=="],

    "fd-package-json": ["fd-package-json@2.0.0", "", { "dependencies": { "walk-up-path": "^4.0.0" } }, "sha512-jKmm9YtsNXN789RS/0mSzOC1NUq9mkVd65vbSSVsKdjGvYXBuE4oWe2QOEoFeRmJg+lPuZxpmrfFclNhoRMneQ=="],

    "fdir": ["fdir@6.5.0", "", { "peerDependencies": { "picomatch": "^3 || ^4" }, "optionalPeers": ["picomatch"] }, "sha512-tIbYtZbucOs0BRGqPJkshJUYdL+SDH7dVM8gjy+ERp3WAUjLEFJE+02kanyHtwjWOnwrKYBiwAmM0p4kLJAnXg=="],

    "fill-range": ["fill-range@7.1.1", "", { "dependencies": { "to-regex-range": "^5.0.1" } }, "sha512-YsGpe3WHLK8ZYi4tWDg2Jy3ebRz2rXowDxnld4bkQB00cc/1Zw9AWnC0i9ztDJitivtQvaI9KaLyKrc+hBW0yg=="],

    "find-my-way-ts": ["find-my-way-ts@0.1.6", "", {}, "sha512-a85L9ZoXtNAey3Y6Z+eBWW658kO/MwR7zIafkIUPUMf3isZG0NCs2pjW2wtjxAKuJPxMAsHUIP4ZPGv0o5gyTA=="],

    "formatly": ["formatly@0.3.0", "", { "dependencies": { "fd-package-json": "^2.0.0" }, "bin": { "formatly": "bin/index.mjs" } }, "sha512-9XNj/o4wrRFyhSMJOvsuyMwy8aUfBaZ1VrqHVfohyXf0Sw0e+yfKG+xZaY3arGCOMdwFsqObtzVOc1gU9KiT9w=="],

    "function-bind": ["function-bind@1.1.2", "", {}, "sha512-7XHNxH7qX9xG5mIwxkhumTox/MIRNcOgDrxWsMt2pAr23WHp6MrRlN7FBSFpCpr+oVO0F744iUgR82nJMfG2SA=="],

    "glob-parent": ["glob-parent@5.1.2", "", { "dependencies": { "is-glob": "^4.0.1" } }, "sha512-AOIgSQCepiJYwP3ARnGx+5VnTu2HBYdzbGP45eLw1vr3zB3vZLeyed1sC9hnbcOc9/SrMyM5RPQrkGz4aS9Zow=="],

    "global-directory": ["global-directory@4.0.1", "", { "dependencies": { "ini": "4.1.1" } }, "sha512-wHTUcDUoZ1H5/0iVqEudYW4/kAlN5cZ3j/bXn0Dpbizl9iaUVeWSHqiOjsgk6OW2bkLclbBjzewBz6weQ1zA2Q=="],

    "graceful-fs": ["graceful-fs@4.2.11", "", {}, "sha512-RbJ5/jmFcNNCcDV5o9eTnBLJ/HszWV0P73bc+Ff4nS/rJj+YaS6IGyiOL0VoBYX+l1Wrl3k63h/KrH+nhJ0XvQ=="],

    "has-flag": ["has-flag@4.0.0", "", {}, "sha512-EykJT/Q1KjTWctppgIAgfSO0tKVuZUjhgMr17kqTumMl6Afv3EISleU7qZUzoXDFTAHTDC4NOoG/ZxU3EvlMPQ=="],

    "hasown": ["hasown@2.0.2", "", { "dependencies": { "function-bind": "^1.1.2" } }, "sha512-0hJU9SCPvmMzIBdZFqNPXWa6dqh7WdH0cII9y+CyS8rG3nL48Bclra9HmKhVVUHyPWNH5Y7xDwAB7bfgSjkUMQ=="],

    "ignore": ["ignore@7.0.5", "", {}, "sha512-Hs59xBNfUIunMFgWAbGX5cq6893IbWg4KnrjbYwX3tx0ztorVgTDA6B2sxf8ejHJ4wz8BqGUMYlnzNBer5NvGg=="],

    "ini": ["ini@4.1.3", "", {}, "sha512-X7rqawQBvfdjS10YU1y1YVreA3SsLrW9dX2CewP2EbBJM4ypVNLDkO5y04gejPwKIY9lR+7r9gn3rFPt/kmWFg=="],

    "interpret": ["interpret@3.1.1", "", {}, "sha512-6xwYfHbajpoF0xLW+iwLkhwgvLoZDfjYfoFNu8ftMoXINzwuymNLd9u/KmwtdT2GbR+/Cz66otEGEVVUHX9QLQ=="],

    "is-core-module": ["is-core-module@2.16.1", "", { "dependencies": { "hasown": "^2.0.2" } }, "sha512-UfoeMA6fIJ8wTYFEUjelnaGI67v6+N7qXJEvQuIGa99l4xsCruSYOVSQ0uPANn4dAzm8lkYPaKLrrijLq7x23w=="],

    "is-extglob": ["is-extglob@2.1.1", "", {}, "sha512-SbKbANkN603Vi4jEZv49LeVJMn4yGwsbzZworEoyEiutsN3nJYdbO36zfhGJ6QEDpOZIFkDtnq5JRxmvl3jsoQ=="],

    "is-glob": ["is-glob@4.0.3", "", { "dependencies": { "is-extglob": "^2.1.1" } }, "sha512-xelSayHH36ZgE7ZWhli7pW34hNbNl8Ojv5KVmkJD4hBdD3th8Tfk9vYasLM+mXWOZhFkgZfxhLSnrwRr4elSSg=="],

    "is-installed-globally": ["is-installed-globally@1.0.0", "", { "dependencies": { "global-directory": "^4.0.1", "is-path-inside": "^4.0.0" } }, "sha512-K55T22lfpQ63N4KEN57jZUAaAYqYHEe8veb/TycJRk9DdSCLLcovXz/mL6mOnhQaZsQGwPhuFopdQIlqGSEjiQ=="],

    "is-number": ["is-number@7.0.0", "", {}, "sha512-41Cifkg6e8TylSpdtTpeLVMqvSBEVzTttHvERD741+pnZ8ANv0004MRL43QKPDlK9cGvNp6NZWZUBlbGXYxxng=="],

    "is-path-inside": ["is-path-inside@4.0.0", "", {}, "sha512-lJJV/5dYS+RcL8uQdBDW9c9uWFLLBNRyFhnAKXw5tVqLlKZ4RMGZKv+YQ/IA3OhD+RpbJa1LLFM1FQPGyIXvOA=="],

    "jiti": ["jiti@2.6.1", "", { "bin": { "jiti": "lib/jiti-cli.mjs" } }, "sha512-ekilCSN1jwRvIbgeg/57YFh8qQDNbwDb9xT/qu2DAHbFFZUicIl4ygVaAvzveMhMVr3LnpSKTNnwt8PoOfmKhQ=="],

    "js-yaml": ["js-yaml@4.1.0", "", { "dependencies": { "argparse": "^2.0.1" }, "bin": { "js-yaml": "bin/js-yaml.js" } }, "sha512-wpxZs9NoxZaJESJGIZTyDEaYpl0FKSA+FB9aJiyemKhMwkxQg63h4T1KJgUGHpTqPDNRcmmYLugrRjJlBtWvRA=="],

    "json-schema-traverse": ["json-schema-traverse@1.0.0", "", {}, "sha512-NM8/P9n3XjXhIZn1lLhkFaACTOURQXjWhV4BA/RnOv8xvgqtqpAX9IO4mRQxSx1Rlo4tqzeqb0sOlruaOy3dug=="],

    "json5": ["json5@2.2.3", "", { "bin": { "json5": "lib/cli.js" } }, "sha512-XmOWe7eyHYH14cLdVPoyg+GOH3rYX++KpzrylJwSW98t3Nk+U8XOl8FWKOgwtzdb8lXGf6zYwDUzeHMWfxasyg=="],

    "kleur": ["kleur@3.0.3", "", {}, "sha512-eTIzlVOSUR+JxdDFepEYcBMtZ9Qqdef+rnzWdRZuMbOywu5tO2w2N7rqjoANZ5k9vywhL6Br1VRjUIgTQx4E8w=="],

    "knip": ["knip@5.66.2", "", { "dependencies": { "@nodelib/fs.walk": "^1.2.3", "fast-glob": "^3.3.3", "formatly": "^0.3.0", "jiti": "^2.6.0", "js-yaml": "^4.1.0", "minimist": "^1.2.8", "oxc-resolver": "^11.8.3", "picocolors": "^1.1.1", "picomatch": "^4.0.1", "smol-toml": "^1.4.1", "strip-json-comments": "5.0.2", "zod": "^4.1.11" }, "peerDependencies": { "@types/node": ">=18", "typescript": ">=5.0.4 <7" }, "bin": { "knip": "bin/knip.js", "knip-bun": "bin/knip-bun.js" } }, "sha512-5wvsdc17C5bMxjuGfN9KVS/tW5KIvzP1RClfpTMdLYm8IXIsfWsiHlFkTvZIca9skwoVDyTyXmbRq4w1Poim+A=="],

    "memoize": ["memoize@10.1.0", "", { "dependencies": { "mimic-function": "^5.0.1" } }, "sha512-MMbFhJzh4Jlg/poq1si90XRlTZRDHVqdlz2mPyGJ6kqMpyHUyVpDd5gpFAvVehW64+RA1eKE9Yt8aSLY7w2Kgg=="],

    "merge2": ["merge2@1.4.1", "", {}, "sha512-8q7VEgMJW4J8tcfVPy8g09NcQwZdbwFEqhe/WZkoIzjn/3TGDwtOCYtXGxA3O8tPzpczCCDgv+P2P5y00ZJOOg=="],

    "micromatch": ["micromatch@4.0.8", "", { "dependencies": { "braces": "^3.0.3", "picomatch": "^2.3.1" } }, "sha512-PXwfBhYu0hBCPw8Dn0E+WDYb7af3dSLVWKi3HGv84IdF4TyFoC0ysxFd0Goxw7nSv4T/PzEJQxsYsEiFCKo2BA=="],

    "mimic-function": ["mimic-function@5.0.1", "", {}, "sha512-VP79XUPxV2CigYP3jWwAUFSku2aKqBH7uTAapFWCBqutsbmDo96KY5o8uh6U+/YSIn5OxJnXp73beVkpqMIGhA=="],

    "minimatch": ["minimatch@10.0.3", "", { "dependencies": { "@isaacs/brace-expansion": "^5.0.0" } }, "sha512-IPZ167aShDZZUMdRk66cyQAW3qr0WzbHkPdMYa8bzZhlHhO3jALbKdxcaak7W9FfT2rZNpQuUu4Od7ILEpXSaw=="],

    "minimist": ["minimist@1.2.8", "", {}, "sha512-2yyAR8qBkN3YuheJanUpWC5U3bb5osDywNB8RzDVlDwDHbocAJveqqj1u8+SVD7jkWT4yvsHCpWqqWqAxb0zCA=="],

    "msgpackr": ["msgpackr@1.11.5", "", { "optionalDependencies": { "msgpackr-extract": "^3.0.2" } }, "sha512-UjkUHN0yqp9RWKy0Lplhh+wlpdt9oQBYgULZOiFhV3VclSF1JnSQWZ5r9gORQlNYaUKQoR8itv7g7z1xDDuACA=="],

    "msgpackr-extract": ["msgpackr-extract@3.0.3", "", { "dependencies": { "node-gyp-build-optional-packages": "5.2.2" }, "optionalDependencies": { "@msgpackr-extract/msgpackr-extract-darwin-arm64": "3.0.3", "@msgpackr-extract/msgpackr-extract-darwin-x64": "3.0.3", "@msgpackr-extract/msgpackr-extract-linux-arm": "3.0.3", "@msgpackr-extract/msgpackr-extract-linux-arm64": "3.0.3", "@msgpackr-extract/msgpackr-extract-linux-x64": "3.0.3", "@msgpackr-extract/msgpackr-extract-win32-x64": "3.0.3" }, "bin": { "download-msgpackr-prebuilds": "bin/download-prebuilds.js" } }, "sha512-P0efT1C9jIdVRefqjzOQ9Xml57zpOXnIuS+csaB4MdZbTdmGDLo8XhzBG1N7aO11gKDDkJvBLULeFTo46wwreA=="],

    "multipasta": ["multipasta@0.2.7", "", {}, "sha512-KPA58d68KgGil15oDqXjkUBEBYc00XvbPj5/X+dyzeo/lWm9Nc25pQRlf1D+gv4OpK7NM0J1odrbu9JNNGvynA=="],

    "node-addon-api": ["node-addon-api@7.1.1", "", {}, "sha512-5m3bsyrjFWE1xf7nz7YXdN4udnVtXK6/Yfgn5qnahL6bCkf2yKt4k3nuTKAtT4r3IG8JNR2ncsIMdZuAzJjHQQ=="],

    "node-gyp-build-optional-packages": ["node-gyp-build-optional-packages@5.2.2", "", { "dependencies": { "detect-libc": "^2.0.1" }, "bin": { "node-gyp-build-optional-packages": "bin.js", "node-gyp-build-optional-packages-optional": "optional.js", "node-gyp-build-optional-packages-test": "build-test.js" } }, "sha512-s+w+rBWnpTMwSFbaE0UXsRlg7hU4FjekKU4eyAih5T8nJuNZT1nNsskXpxmeqSK9UzkBl6UgRlnKc8hz8IEqOw=="],

    "oxc-resolver": ["oxc-resolver@11.9.0", "", { "optionalDependencies": { "@oxc-resolver/binding-android-arm-eabi": "11.9.0", "@oxc-resolver/binding-android-arm64": "11.9.0", "@oxc-resolver/binding-darwin-arm64": "11.9.0", "@oxc-resolver/binding-darwin-x64": "11.9.0", "@oxc-resolver/binding-freebsd-x64": "11.9.0", "@oxc-resolver/binding-linux-arm-gnueabihf": "11.9.0", "@oxc-resolver/binding-linux-arm-musleabihf": "11.9.0", "@oxc-resolver/binding-linux-arm64-gnu": "11.9.0", "@oxc-resolver/binding-linux-arm64-musl": "11.9.0", "@oxc-resolver/binding-linux-ppc64-gnu": "11.9.0", "@oxc-resolver/binding-linux-riscv64-gnu": "11.9.0", "@oxc-resolver/binding-linux-riscv64-musl": "11.9.0", "@oxc-resolver/binding-linux-s390x-gnu": "11.9.0", "@oxc-resolver/binding-linux-x64-gnu": "11.9.0", "@oxc-resolver/binding-linux-x64-musl": "11.9.0", "@oxc-resolver/binding-wasm32-wasi": "11.9.0", "@oxc-resolver/binding-win32-arm64-msvc": "11.9.0", "@oxc-resolver/binding-win32-ia32-msvc": "11.9.0", "@oxc-resolver/binding-win32-x64-msvc": "11.9.0" } }, "sha512-u714L0DBBXpD0ERErCQlun2XwinuBfIGo2T8bA7xE8WLQ4uaJudO/VOEQCWslOmcDY2nEkS+UVir5PpyvSG23w=="],

    "path-browserify": ["path-browserify@1.0.1", "", {}, "sha512-b7uo2UCUOYZcnF/3ID0lulOJi/bafxa1xPe7ZPsammBSpjSWQkjNxlt635YGS2MiR9GjvuXCtz2emr3jbsz98g=="],

    "path-parse": ["path-parse@1.0.7", "", {}, "sha512-LDJzPVEEEPR+y48z93A0Ed0yXb8pAByGWo/k5YYdYgpY2/2EsOsksJrq7lOHxryrVOn1ejG6oAp8ahvOIQD8sw=="],

    "picocolors": ["picocolors@1.1.1", "", {}, "sha512-xceH2snhtb5M9liqDsmEw56le376mTZkEX/jEb/RxNFyegNul7eNslCXP9FDj/Lcu0X8KEyMceP2ntpaHrDEVA=="],

    "picomatch": ["picomatch@4.0.3", "", {}, "sha512-5gTmgEY/sqK6gFXLIsQNH19lWb4ebPDLA4SdLP7dsWkIXHWlG66oPuVvXSGFPppYZz8ZDZq0dYYrbHfBCVUb1Q=="],

    "prompts": ["prompts@2.4.2", "", { "dependencies": { "kleur": "^3.0.3", "sisteransi": "^1.0.5" } }, "sha512-NxNv/kLguCA7p3jE8oL2aEBsrJWgAakBpgmgK6lpPWV+WuOmY6r2/zbAVnP+T8bQlA0nzHXSJSJW0Hq7ylaD2Q=="],

    "pure-rand": ["pure-rand@6.1.0", "", {}, "sha512-bVWawvoZoBYpp6yIoQtQXHZjmz35RSVHnUOTefl8Vcjr8snTPY1wnpSPMWekcFwbxI6gtmT7rSYPFvz71ldiOA=="],

    "queue-microtask": ["queue-microtask@1.2.3", "", {}, "sha512-NuaNSa6flKT5JaSYQzJok04JzTL1CA6aGhv5rfLW3PgqA+M2ChpZQnAC8h8i4ZFkBS8X5RqkDBHA7r4hej3K9A=="],

    "rechoir": ["rechoir@0.8.0", "", { "dependencies": { "resolve": "^1.20.0" } }, "sha512-/vxpCXddiX8NGfGO/mTafwjq4aFa/71pvamip0++IQk3zG8cbCj0fifNPrjjF1XMXUne91jL9OoxmdykoEtifQ=="],

    "regexp-tree": ["regexp-tree@0.1.27", "", { "bin": { "regexp-tree": "bin/regexp-tree" } }, "sha512-iETxpjK6YoRWJG5o6hXLwvjYAoW+FEZn9os0PD/b6AP6xQwsa/Y7lCVgIixBbUPMfhu+i2LtdeAqVTgGlQarfA=="],

    "require-from-string": ["require-from-string@2.0.2", "", {}, "sha512-Xf0nWe6RseziFMu+Ap9biiUbmplq6S9/p+7w7YXP/JBHhrUDDUhwa+vANyubuqfZWTveU//DYVGsDG7RKL/vEw=="],

    "resolve": ["resolve@1.22.10", "", { "dependencies": { "is-core-module": "^2.16.0", "path-parse": "^1.0.7", "supports-preserve-symlinks-flag": "^1.0.0" }, "bin": { "resolve": "bin/resolve" } }, "sha512-NPRy+/ncIMeDlTAsuqwKIiferiawhefFJtkNSW0qZJEqMEb+qBt/77B/jGeeek+F0uOeN05CDa6HXbbIgtVX4w=="],

    "reusify": ["reusify@1.1.0", "", {}, "sha512-g6QUff04oZpHs0eG5p83rFLhHeV00ug/Yf9nZM6fLeUrPguBTkTQOdpAWWspMh55TZfVQDPaN3NQJfbVRAxdIw=="],

    "run-parallel": ["run-parallel@1.2.0", "", { "dependencies": { "queue-microtask": "^1.2.2" } }, "sha512-5l4VyZR86LZ/lDxZTR6jqL8AFE2S0IFLMP26AbjsLVADxHdhB/c0GUsH+y39UfCi3dzz8OlQuPmnaJOMoDHQBA=="],

    "safe-regex": ["safe-regex@2.1.1", "", { "dependencies": { "regexp-tree": "~0.1.1" } }, "sha512-rx+x8AMzKb5Q5lQ95Zoi6ZbJqwCLkqi3XuJXp5P3rT8OEc6sZCJG5AE5dU3lsgRr/F4Bs31jSlVN+j5KrsGu9A=="],

    "semver": ["semver@7.7.3", "", { "bin": { "semver": "bin/semver.js" } }, "sha512-SdsKMrI9TdgjdweUSR9MweHA4EJ8YxHn8DFaDisvhVlUOe4BF1tLD7GAj0lIqWVl+dPb/rExr0Btby5loQm20Q=="],

    "sisteransi": ["sisteransi@1.0.5", "", {}, "sha512-bLGGlR1QxBcynn2d5YmDX4MGjlZvy2MRBDRNHLJ8VI6l6+9FUiyTFNJ0IveOSP0bcXgVDPRcfGqA0pjaqUpfVg=="],

    "smol-toml": ["smol-toml@1.4.2", "", {}, "sha512-rInDH6lCNiEyn3+hH8KVGFdbjc099j47+OSgbMrfDYX1CmXLfdKd7qi6IfcWj2wFxvSVkuI46M+wPGYfEOEj6g=="],

    "strip-bom": ["strip-bom@3.0.0", "", {}, "sha512-vavAMRXOgBVNF6nyEEmL3DBK19iRpDcoIwW+swQ+CbGiu7lju6t+JklA1MHweoWtadgt4ISVUsXLyDq34ddcwA=="],

    "strip-json-comments": ["strip-json-comments@5.0.2", "", {}, "sha512-4X2FR3UwhNUE9G49aIsJW5hRRR3GXGTBTZRMfv568O60ojM8HcWjV/VxAxCDW3SUND33O6ZY66ZuRcdkj73q2g=="],

    "supports-color": ["supports-color@7.2.0", "", { "dependencies": { "has-flag": "^4.0.0" } }, "sha512-qpCAvRl9stuOHveKsn7HncJRvv501qIacKzQlO/+Lwxc9+0q2wLyv4Dfvt80/DPn2pqOBsJdDiogXGR9+OvwRw=="],

    "supports-preserve-symlinks-flag": ["supports-preserve-symlinks-flag@1.0.0", "", {}, "sha512-ot0WnXS9fgdkgIcePe6RHNk1WA8+muPa6cSjeR3V8K27q9BB1rTE3R1p7Hv0z1ZyAc8s6Vvv8DIyWf681MAt0w=="],

    "tapable": ["tapable@2.3.0", "", {}, "sha512-g9ljZiwki/LfxmQADO3dEY1CbpmXT5Hm2fJ+QaGKwSXUylMybePR7/67YW7jOrrvjEgL1Fmz5kzyAjWVWLlucg=="],

    "tinyglobby": ["tinyglobby@0.2.15", "", { "dependencies": { "fdir": "^6.5.0", "picomatch": "^4.0.3" } }, "sha512-j2Zq4NyQYG5XMST4cbs02Ak8iJUdxRM0XI5QyxXuZOzKOINmWurp3smXu3y5wDcJrptwpSjgXHzIQxR0omXljQ=="],

    "to-regex-range": ["to-regex-range@5.0.1", "", { "dependencies": { "is-number": "^7.0.0" } }, "sha512-65P7iz6X5yEr1cwcgvQxbbIw7Uk3gOy5dIdtZ4rDveLqhrdJP+Li/Hx6tyK0NEb+2GCyneCMJiGqrADCSNk8sQ=="],

    "toml": ["toml@3.0.0", "", {}, "sha512-y/mWCZinnvxjTKYhJ+pYxwD0mRLVvOtdS2Awbgxln6iEnt4rk0yBxeSBHkGJcPucRiG0e55mwWp+g/05rsrd6w=="],

    "ts-morph": ["ts-morph@27.0.2", "", { "dependencies": { "@ts-morph/common": "~0.28.1", "code-block-writer": "^13.0.3" } }, "sha512-fhUhgeljcrdZ+9DZND1De1029PrE+cMkIP7ooqkLRTrRLTqcki2AstsyJm0vRNbTbVCNJ0idGlbBrfqc7/nA8w=="],

    "tsconfig-paths": ["tsconfig-paths@4.2.0", "", { "dependencies": { "json5": "^2.2.2", "minimist": "^1.2.6", "strip-bom": "^3.0.0" } }, "sha512-NoZ4roiN7LnbKn9QqE1amc9DJfzvZXxF4xDavcOWt1BPkdx+m+0gJuPM+S0vCe7zTJMYUP0R8pO2XMr+Y8oLIg=="],

    "tsconfig-paths-webpack-plugin": ["tsconfig-paths-webpack-plugin@4.2.0", "", { "dependencies": { "chalk": "^4.1.0", "enhanced-resolve": "^5.7.0", "tapable": "^2.2.1", "tsconfig-paths": "^4.1.2" } }, "sha512-zbem3rfRS8BgeNK50Zz5SIQgXzLafiHjOwUAvk/38/o1jHn/V5QAgVUcz884or7WYcPaH3N2CIfUc2u0ul7UcA=="],

    "tslib": ["tslib@2.8.1", "", {}, "sha512-oJFu94HQb+KVduSUQL7wnpmqnfmLsOA/nAh6b6EH0wCEoK0/mPeXU6c3wKDV83MkOuHPRHtSXKKU99IBazS/2w=="],

    "typescript": ["typescript@5.9.3", "", { "bin": { "tsc": "bin/tsc", "tsserver": "bin/tsserver" } }, "sha512-jl1vZzPDinLr9eUt3J/t7V6FgNEw9QjvBPdysz9KfQDD41fQrC2Y4vKQdiaUpFT4bXlb1RHhLpp8wtm6M5TgSw=="],

    "undici-types": ["undici-types@7.10.0", "", {}, "sha512-t5Fy/nfn+14LuOc2KNYg75vZqClpAiqscVvMygNnlsHBFpSXdJaYtXMcdNLpl/Qvc3P2cB3s6lOV51nqsFq4ag=="],

    "uuid": ["uuid@11.1.0", "", { "bin": { "uuid": "dist/esm/bin/uuid" } }, "sha512-0/A9rDy9P7cJ+8w1c9WD9V//9Wj15Ce2MPz8Ri6032usz+NfePxx5AcN3bN+r6ZL6jEo066/yNYB3tn4pQEx+A=="],

    "walk-up-path": ["walk-up-path@4.0.0", "", {}, "sha512-3hu+tD8YzSLGuFYtPRb48vdhKMi0KQV5sn+uWr8+7dMEq/2G/dtLrdDinkLjqq5TIbIBjYJ4Ax/n3YiaW7QM8A=="],

    "watskeburt": ["watskeburt@4.2.3", "", { "bin": { "watskeburt": "dist/run-cli.js" } }, "sha512-uG9qtQYoHqAsnT711nG5iZc/8M5inSmkGCOp7pFaytKG2aTfIca7p//CjiVzAE4P7hzaYuCozMjNNaLgmhbK5g=="],

    "ws": ["ws@8.18.3", "", { "peerDependencies": { "bufferutil": "^4.0.1", "utf-8-validate": ">=5.0.2" }, "optionalPeers": ["bufferutil", "utf-8-validate"] }, "sha512-PEIGCY5tSlUt50cqyMXfCzX+oOPqN0vuGqWzbcJ2xvnkzkq46oOpz7dQaTDBdfICb4N14+GARUDw2XV2N4tvzg=="],

    "yaml": ["yaml@2.8.1", "", { "bin": { "yaml": "bin.mjs" } }, "sha512-lcYcMxX2PO9XMGvAJkJ3OsNMw+/7FKes7/hgerGUYWIoWu5j/+YQqcZr5JnPZWzOsEBgMbSbiSTn/dv/69Mkpw=="],

    "zod": ["zod@4.1.12", "", {}, "sha512-JInaHOamG8pt5+Ey8kGmdcAcg3OL9reK8ltczgHTAwNhMys/6ThXHityHxVV2p3fkw/c+MAvBHFVYHFZDmjMCQ=="],

    "global-directory/ini": ["ini@4.1.1", "", {}, "sha512-QQnnxNyfvmHFIsj7gkPcYymR8Jdw/o7mp5ZFihxn6h8Ci6fh3Dx4E1gPjpQEpIuPo9XVNY/ZUwh4BPMjGyL01g=="],

    "micromatch/picomatch": ["picomatch@2.3.1", "", {}, "sha512-JU3teHTNjmE2VCGFzuY8EXzCDVwEqB2a8fsIvwaStHhAWJEeVd1o1QD80CU6+ZdEXXSLbSsuLwJjkCBWqRQUVA=="],

    "node-gyp-build-optional-packages/detect-libc": ["detect-libc@2.1.2", "", {}, "sha512-Btj2BOOO83o3WyH59e8MgXsxEQVcarkUOpEYrubB0urwnN10yQ364rsiByU11nZlqWYZm05i/of7io4mzihBtQ=="],
  }
}
